Microsoft Visual Studio Solution File, Format Version 1.00
Project("{66355F20-A65B-11D0-BFB5-00A0C91EBFA0}") = "Hw2", "Hw2.vjp", "{3363E040-E098-11D2-B301-006008E44E3C}"
EndProject
Global
	GlobalSection(LocalDeployment) = postSolution
		StartupProject = {3363E040-E098-11D2-B301-006008E44E3C}
	EndGlobalSection
	GlobalSection(BuildOrder) = postSolution
		0 = {3363E040-E098-11D2-B301-006008E44E3C}
	EndGlobalSection
	GlobalSection(DeploymentRoot) = postSolution
	EndGlobalSection
EndGlobal
